
Microsoft Visual Studio Solution File, Format Version 12.00
# Visual Studio Version 17
VisualStudioVersion = 17.7.34031.279
MinimumVisualStudioVersion = 10.0.40219.1
Project("{9A19103F-16F7-4668-BE54-9A1E7A4F7556}") = "alltdl.common", "src\alltdl.common\alltdl.common.csproj", "{D9640692-5955-454E-91F7-01FD28433D42}"
EndProject
Project("{9A19103F-16F7-4668-BE54-9A1E7A4F7556}") = "alltdl.common.Tests", "test\alltdl.common.Tests\alltdl.common.Tests.csproj", "{90FFD5E8-C534-485E-9579-70C1D093CAF2}"
EndProject
Project("{2150E333-8FDC-42A3-9474-1A3956D46DE8}") = "Solution Items", "Solution Items", "{15CDC522-5815-4296-9A66-15B21B27A37C}"
	ProjectSection(SolutionItems) = preProject
		.github\workflows\dotnet.yml = .github\workflows\dotnet.yml
	EndProjectSection
EndProject
Global
	GlobalSection(SolutionConfigurationPlatforms) = preSolution
		Debug|Any CPU = Debug|Any CPU
		Release|Any CPU = Release|Any CPU
	EndGlobalSection
	GlobalSection(ProjectConfigurationPlatforms) = postSolution
		{D9640692-5955-454E-91F7-01FD28433D42}.Debug|Any CPU.ActiveCfg = Debug|Any CPU
		{D9640692-5955-454E-91F7-01FD28433D42}.Debug|Any CPU.Build.0 = Debug|Any CPU
		{D9640692-5955-454E-91F7-01FD28433D42}.Release|Any CPU.ActiveCfg = Release|Any CPU
		{D9640692-5955-454E-91F7-01FD28433D42}.Release|Any CPU.Build.0 = Release|Any CPU
		{90FFD5E8-C534-485E-9579-70C1D093CAF2}.Debug|Any CPU.ActiveCfg = Debug|Any CPU
		{90FFD5E8-C534-485E-9579-70C1D093CAF2}.Debug|Any CPU.Build.0 = Debug|Any CPU
		{90FFD5E8-C534-485E-9579-70C1D093CAF2}.Release|Any CPU.ActiveCfg = Release|Any CPU
		{90FFD5E8-C534-485E-9579-70C1D093CAF2}.Release|Any CPU.Build.0 = Release|Any CPU
	EndGlobalSection
	GlobalSection(SolutionProperties) = preSolution
		HideSolutionNode = FALSE
	EndGlobalSection
	GlobalSection(ExtensibilityGlobals) = postSolution
		SolutionGuid = {EFF3AAE7-84AE-4B98-B860-3A623D67CAA7}
	EndGlobalSection
EndGlobal
